
Microsoft Visual Studio Solution File, Format Version 12.00
# Visual Studio 15
VisualStudioVersion = 15.0.28307.852
MinimumVisualStudioVersion = 10.0.40219.1
Project("{FAE04EC0-301F-11D3-BF4B-00C04F79EFBC}") = "RefuerzaUPT", "RefuerzaUPT\RefuerzaUPT.csproj", "{E9EE725A-714A-49C8-BF8B-5C74B1CF2E91}"
EndProject
Global
	GlobalSection(SolutionConfigurationPlatforms) = preSolution
		Debug|Any CPU = Debug|Any CPU
		Release|Any CPU = Release|Any CPU
	EndGlobalSection
	GlobalSection(ProjectConfigurationPlatforms) = postSolution
		{E9EE725A-714A-49C8-BF8B-5C74B1CF2E91}.Debug|Any CPU.ActiveCfg = Debug|Any CPU
		{E9EE725A-714A-49C8-BF8B-5C74B1CF2E91}.Debug|Any CPU.Build.0 = Debug|Any CPU
		{E9EE725A-714A-49C8-BF8B-5C74B1CF2E91}.Release|Any CPU.ActiveCfg = Release|Any CPU
		{E9EE725A-714A-49C8-BF8B-5C74B1CF2E91}.Release|Any CPU.Build.0 = Release|Any CPU
	EndGlobalSection
	GlobalSection(SolutionProperties) = preSolution
		HideSolutionNode = FALSE
	EndGlobalSection
	GlobalSection(ExtensibilityGlobals) = postSolution
		SolutionGuid = {DCC422B2-D5F9-4A38-B1D2-E82110AE90C4}
	EndGlobalSection
EndGlobal
